
Microsoft Visual Studio Solution File, Format Version 12.00
# Visual Studio 15
VisualStudioVersion = 15.0.28010.2048
MinimumVisualStudioVersion = 10.0.40219.1
Project("{8BC9CEB8-8B4A-11D0-8D11-00A0C91BC942}") = "DatagramClient_Echo", "DatagramClient_Echo\DatagramClient_Echo.vcxproj", "{24BA5F07-ABD7-423F-917B-3E02B426B4AC}"
EndProject
Project("{8BC9CEB8-8B4A-11D0-8D11-00A0C91BC942}") = "DatagramServer_Echo_DoubleSocket", "DatagramServer_Echo_DoubleSocket\DatagramServer_Echo_DoubleSocket.vcxproj", "{B1E4DEFC-EAE8-4377-B95F-09FBD084DE91}"
EndProject
Project("{8BC9CEB8-8B4A-11D0-8D11-00A0C91BC942}") = "Text_Binary", "Text_Binary\Text_Binary.vcxproj", "{6981F4C8-AD32-4706-81D6-0EDB89E0519D}"
EndProject
Project("{8BC9CEB8-8B4A-11D0-8D11-00A0C91BC942}") = "StreamClient_Echo", "StreamClient_Echo\StreamClient_Echo.vcxproj", "{4065074C-1D4C-4756-843F-6D90290CB586}"
EndProject
Project("{8BC9CEB8-8B4A-11D0-8D11-00A0C91BC942}") = "StreamServer_Echo_DoubleSocket", "StreamServer_Echo_DoubleSocket\StreamServer_Echo_DoubleSocket.vcxproj", "{74E40D86-02F2-48D1-8167-ED41BCE8D656}"
EndProject
Project("{8BC9CEB8-8B4A-11D0-8D11-00A0C91BC942}") = "DatagramServer_Add", "DatagramServer_Add\DatagramServer_Add.vcxproj", "{58A89E93-C995-4B5A-9A27-3F9C4BC7541C}"
EndProject
Project("{8BC9CEB8-8B4A-11D0-8D11-00A0C91BC942}") = "StreamClient_Add", "StreamClient_Add\StreamClient_Add.vcxproj", "{38EE3D71-3C1F-45F2-9FB9-D5B4A9E3D381}"
EndProject
Project("{8BC9CEB8-8B4A-11D0-8D11-00A0C91BC942}") = "StreamServer_Add", "StreamServer_Add\StreamServer_Add.vcxproj", "{213985B8-E812-453C-BC1A-2189204B0F9C}"
EndProject
Project("{8BC9CEB8-8B4A-11D0-8D11-00A0C91BC942}") = "DatagramClient_Add", "DatagramClient_Add\AddClient.vcxproj", "{F1D429B7-F896-49D9-9822-3676D3E0BD3D}"
EndProject
Global
	GlobalSection(SolutionConfigurationPlatforms) = preSolution
		Debug|x64 = Debug|x64
		Debug|x86 = Debug|x86
		Release|x64 = Release|x64
		Release|x86 = Release|x86
	EndGlobalSection
	GlobalSection(ProjectConfigurationPlatforms) = postSolution
		{24BA5F07-ABD7-423F-917B-3E02B426B4AC}.Debug|x64.ActiveCfg = Debug|x64
		{24BA5F07-ABD7-423F-917B-3E02B426B4AC}.Debug|x64.Build.0 = Debug|x64
		{24BA5F07-ABD7-423F-917B-3E02B426B4AC}.Debug|x86.ActiveCfg = Debug|Win32
		{24BA5F07-ABD7-423F-917B-3E02B426B4AC}.Debug|x86.Build.0 = Debug|Win32
		{24BA5F07-ABD7-423F-917B-3E02B426B4AC}.Release|x64.ActiveCfg = Release|x64
		{24BA5F07-ABD7-423F-917B-3E02B426B4AC}.Release|x64.Build.0 = Release|x64
		{24BA5F07-ABD7-423F-917B-3E02B426B4AC}.Release|x86.ActiveCfg = Release|Win32
		{24BA5F07-ABD7-423F-917B-3E02B426B4AC}.Release|x86.Build.0 = Release|Win32
		{B1E4DEFC-EAE8-4377-B95F-09FBD084DE91}.Debug|x64.ActiveCfg = Debug|x64
		{B1E4DEFC-EAE8-4377-B95F-09FBD084DE91}.Debug|x64.Build.0 = Debug|x64
		{B1E4DEFC-EAE8-4377-B95F-09FBD084DE91}.Debug|x86.ActiveCfg = Debug|Win32
		{B1E4DEFC-EAE8-4377-B95F-09FBD084DE91}.Debug|x86.Build.0 = Debug|Win32
		{B1E4DEFC-EAE8-4377-B95F-09FBD084DE91}.Release|x64.ActiveCfg = Release|x64
		{B1E4DEFC-EAE8-4377-B95F-09FBD084DE91}.Release|x64.Build.0 = Release|x64
		{B1E4DEFC-EAE8-4377-B95F-09FBD084DE91}.Release|x86.ActiveCfg = Release|Win32
		{B1E4DEFC-EAE8-4377-B95F-09FBD084DE91}.Release|x86.Build.0 = Release|Win32
		{6981F4C8-AD32-4706-81D6-0EDB89E0519D}.Debug|x64.ActiveCfg = Debug|x64
		{6981F4C8-AD32-4706-81D6-0EDB89E0519D}.Debug|x64.Build.0 = Debug|x64
		{6981F4C8-AD32-4706-81D6-0EDB89E0519D}.Debug|x86.ActiveCfg = Debug|Win32
		{6981F4C8-AD32-4706-81D6-0EDB89E0519D}.Debug|x86.Build.0 = Debug|Win32
		{6981F4C8-AD32-4706-81D6-0EDB89E0519D}.Release|x64.ActiveCfg = Release|x64
		{6981F4C8-AD32-4706-81D6-0EDB89E0519D}.Release|x64.Build.0 = Release|x64
		{6981F4C8-AD32-4706-81D6-0EDB89E0519D}.Release|x86.ActiveCfg = Release|Win32
		{6981F4C8-AD32-4706-81D6-0EDB89E0519D}.Release|x86.Build.0 = Release|Win32
		{4065074C-1D4C-4756-843F-6D90290CB586}.Debug|x64.ActiveCfg = Debug|x64
		{4065074C-1D4C-4756-843F-6D90290CB586}.Debug|x64.Build.0 = Debug|x64
		{4065074C-1D4C-4756-843F-6D90290CB586}.Debug|x86.ActiveCfg = Debug|Win32
		{4065074C-1D4C-4756-843F-6D90290CB586}.Debug|x86.Build.0 = Debug|Win32
		{4065074C-1D4C-4756-843F-6D90290CB586}.Release|x64.ActiveCfg = Release|x64
		{4065074C-1D4C-4756-843F-6D90290CB586}.Release|x64.Build.0 = Release|x64
		{4065074C-1D4C-4756-843F-6D90290CB586}.Release|x86.ActiveCfg = Release|Win32
		{4065074C-1D4C-4756-843F-6D90290CB586}.Release|x86.Build.0 = Release|Win32
		{74E40D86-02F2-48D1-8167-ED41BCE8D656}.Debug|x64.ActiveCfg = Debug|x64
		{74E40D86-02F2-48D1-8167-ED41BCE8D656}.Debug|x64.Build.0 = Debug|x64
		{74E40D86-02F2-48D1-8167-ED41BCE8D656}.Debug|x86.ActiveCfg = Debug|Win32
		{74E40D86-02F2-48D1-8167-ED41BCE8D656}.Debug|x86.Build.0 = Debug|Win32
		{74E40D86-02F2-48D1-8167-ED41BCE8D656}.Release|x64.ActiveCfg = Release|x64
		{74E40D86-02F2-48D1-8167-ED41BCE8D656}.Release|x64.Build.0 = Release|x64
		{74E40D86-02F2-48D1-8167-ED41BCE8D656}.Release|x86.ActiveCfg = Release|Win32
		{74E40D86-02F2-48D1-8167-ED41BCE8D656}.Release|x86.Build.0 = Release|Win32
		{58A89E93-C995-4B5A-9A27-3F9C4BC7541C}.Debug|x64.ActiveCfg = Debug|x64
		{58A89E93-C995-4B5A-9A27-3F9C4BC7541C}.Debug|x64.Build.0 = Debug|x64
		{58A89E93-C995-4B5A-9A27-3F9C4BC7541C}.Debug|x86.ActiveCfg = Debug|Win32
		{58A89E93-C995-4B5A-9A27-3F9C4BC7541C}.Debug|x86.Build.0 = Debug|Win32
		{58A89E93-C995-4B5A-9A27-3F9C4BC7541C}.Release|x64.ActiveCfg = Release|x64
		{58A89E93-C995-4B5A-9A27-3F9C4BC7541C}.Release|x64.Build.0 = Release|x64
		{58A89E93-C995-4B5A-9A27-3F9C4BC7541C}.Release|x86.ActiveCfg = Release|Win32
		{58A89E93-C995-4B5A-9A27-3F9C4BC7541C}.Release|x86.Build.0 = Release|Win32
		{38EE3D71-3C1F-45F2-9FB9-D5B4A9E3D381}.Debug|x64.ActiveCfg = Debug|x64
		{38EE3D71-3C1F-45F2-9FB9-D5B4A9E3D381}.Debug|x64.Build.0 = Debug|x64
		{38EE3D71-3C1F-45F2-9FB9-D5B4A9E3D381}.Debug|x86.ActiveCfg = Debug|Win32
		{38EE3D71-3C1F-45F2-9FB9-D5B4A9E3D381}.Debug|x86.Build.0 = Debug|Win32
		{38EE3D71-3C1F-45F2-9FB9-D5B4A9E3D381}.Release|x64.ActiveCfg = Release|x64
		{38EE3D71-3C1F-45F2-9FB9-D5B4A9E3D381}.Release|x64.Build.0 = Release|x64
		{38EE3D71-3C1F-45F2-9FB9-D5B4A9E3D381}.Release|x86.ActiveCfg = Release|Win32
		{38EE3D71-3C1F-45F2-9FB9-D5B4A9E3D381}.Release|x86.Build.0 = Release|Win32
		{213985B8-E812-453C-BC1A-2189204B0F9C}.Debug|x64.ActiveCfg = Debug|x64
		{213985B8-E812-453C-BC1A-2189204B0F9C}.Debug|x64.Build.0 = Debug|x64
		{213985B8-E812-453C-BC1A-2189204B0F9C}.Debug|x86.ActiveCfg = Debug|Win32
		{213985B8-E812-453C-BC1A-2189204B0F9C}.Debug|x86.Build.0 = Debug|Win32
		{213985B8-E812-453C-BC1A-2189204B0F9C}.Release|x64.ActiveCfg = Release|x64
		{213985B8-E812-453C-BC1A-2189204B0F9C}.Release|x64.Build.0 = Release|x64
		{213985B8-E812-453C-BC1A-2189204B0F9C}.Release|x86.ActiveCfg = Release|Win32
		{213985B8-E812-453C-BC1A-2189204B0F9C}.Release|x86.Build.0 = Release|Win32
		{F1D429B7-F896-49D9-9822-3676D3E0BD3D}.Debug|x64.ActiveCfg = Debug|x64
		{F1D429B7-F896-49D9-9822-3676D3E0BD3D}.Debug|x64.Build.0 = Debug|x64
		{F1D429B7-F896-49D9-9822-3676D3E0BD3D}.Debug|x86.ActiveCfg = Debug|Win32
		{F1D429B7-F896-49D9-9822-3676D3E0BD3D}.Debug|x86.Build.0 = Debug|Win32
		{F1D429B7-F896-49D9-9822-3676D3E0BD3D}.Release|x64.ActiveCfg = Release|x64
		{F1D429B7-F896-49D9-9822-3676D3E0BD3D}.Release|x64.Build.0 = Release|x64
		{F1D429B7-F896-49D9-9822-3676D3E0BD3D}.Release|x86.ActiveCfg = Release|Win32
		{F1D429B7-F896-49D9-9822-3676D3E0BD3D}.Release|x86.Build.0 = Release|Win32
	EndGlobalSection
	GlobalSection(SolutionProperties) = preSolution
		HideSolutionNode = FALSE
	EndGlobalSection
	GlobalSection(ExtensibilityGlobals) = postSolution
		SolutionGuid = {E884CE02-ED06-4A7E-8022-0B4DA0EA4504}
	EndGlobalSection
EndGlobal
